
Microsoft Visual Studio Solution File, Format Version 12.00
# Visual Studio Version 17
VisualStudioVersion = 17.8.34408.163
MinimumVisualStudioVersion = 10.0.40219.1
Project("{FAE04EC0-301F-11D3-BF4B-00C04F79EFBC}") = "WpfPP1", "WpfPP1\WpfPP1.csproj", "{213A4021-BAEC-4A25-BB5D-A62419EF4C52}"
EndProject
Global
	GlobalSection(SolutionConfigurationPlatforms) = preSolution
		Debug|Any CPU = Debug|Any CPU
		Release|Any CPU = Release|Any CPU
	EndGlobalSection
	GlobalSection(ProjectConfigurationPlatforms) = postSolution
		{213A4021-BAEC-4A25-BB5D-A62419EF4C52}.Debug|Any CPU.ActiveCfg = Debug|Any CPU
		{213A4021-BAEC-4A25-BB5D-A62419EF4C52}.Debug|Any CPU.Build.0 = Debug|Any CPU
		{213A4021-BAEC-4A25-BB5D-A62419EF4C52}.Release|Any CPU.ActiveCfg = Release|Any CPU
		{213A4021-BAEC-4A25-BB5D-A62419EF4C52}.Release|Any CPU.Build.0 = Release|Any CPU
	EndGlobalSection
	GlobalSection(SolutionProperties) = preSolution
		HideSolutionNode = FALSE
	EndGlobalSection
	GlobalSection(ExtensibilityGlobals) = postSolution
		SolutionGuid = {A05DFE06-DE73-44CC-8886-AD6B2FBCAD10}
	EndGlobalSection
EndGlobal
